
Microsoft Visual Studio Solution File, Format Version 12.00
# Visual Studio Version 17
VisualStudioVersion = 17.14.36109.1 d17.14
MinimumVisualStudioVersion = 10.0.40219.1
Project("{FAE04EC0-301F-11D3-BF4B-00C04F79EFBC}") = "baevii-back-end", "baevii-back-end\baevii-back-end.csproj", "{360B68A1-AFC8-400D-8E5D-6CD3270F5BDB}"
EndProject
Global
	GlobalSection(SolutionConfigurationPlatforms) = preSolution
		Debug|Any CPU = Debug|Any CPU
		Release|Any CPU = Release|Any CPU
	EndGlobalSection
	GlobalSection(ProjectConfigurationPlatforms) = postSolution
		{360B68A1-AFC8-400D-8E5D-6CD3270F5BDB}.Debug|Any CPU.ActiveCfg = Debug|Any CPU
		{360B68A1-AFC8-400D-8E5D-6CD3270F5BDB}.Debug|Any CPU.Build.0 = Debug|Any CPU
		{360B68A1-AFC8-400D-8E5D-6CD3270F5BDB}.Release|Any CPU.ActiveCfg = Release|Any CPU
		{360B68A1-AFC8-400D-8E5D-6CD3270F5BDB}.Release|Any CPU.Build.0 = Release|Any CPU
	EndGlobalSection
	GlobalSection(SolutionProperties) = preSolution
		HideSolutionNode = FALSE
	EndGlobalSection
	GlobalSection(ExtensibilityGlobals) = postSolution
		SolutionGuid = {A85120F4-AF4A-472F-8380-8B4EF537FECA}
	EndGlobalSection
EndGlobal
